// !$*UTF8*$!
{
	archiveVersion = 1;
	classes = {
	};
	objectVersion = 46;
	objects = {

/* Begin PBXBuildFile section */
		C80847881C7E6D2500CD3556 /* AppDelegate.swift in Sources */ = {isa = PBXBuildFile; fileRef = C80847871C7E6D2500CD3556 /* AppDelegate.swift */; };
		C808478A1C7E6D2500CD3556 /* ViewController.swift in Sources */ = {isa = PBXBuildFile; fileRef = C80847891C7E6D2500CD3556 /* ViewController.swift */; };
		C808478D1C7E6D2500CD3556 /* Main.storyboard in Resources */ = {isa = PBXBuildFile; fileRef = C808478B1C7E6D2500CD3556 /* Main.storyboard */; };
		C80847901C7E6D2500CD3556 /* displayTest.xcdatamodeld in Sources */ = {isa = PBXBuildFile; fileRef = C808478E1C7E6D2500CD3556 /* displayTest.xcdatamodeld */; };
		C80847921C7E6D2500CD3556 /* Assets.xcassets in Resources */ = {isa = PBXBuildFile; fileRef = C80847911C7E6D2500CD3556 /* Assets.xcassets */; };
		C80847951C7E6D2500CD3556 /* LaunchScreen.storyboard in Resources */ = {isa = PBXBuildFile; fileRef = C80847931C7E6D2500CD3556 /* LaunchScreen.storyboard */; };
/* End PBXBuildFile section */

/* Begin PBXFileReference section */
		C80847841C7E6D2500CD3556 /* displayTest.app */ = {isa = PBXFileReference; explicitFileType = wrapper.application; includeInIndex = 0; path = displayTest.app; sourceTree = BUILT_PRODUCTS_DIR; };
		C80847871C7E6D2500CD3556 /* AppDelegate.swift */ = {isa = PBXFileReference; lastKnownFileType = sourcecode.swift; path = AppDelegate.swift; sourceTree = "<group>"; };
		C80847891C7E6D2500CD3556 /* ViewController.swift */ = {isa = PBXFileReference; lastKnownFileType = sourcecode.swift; path = ViewController.swift; sourceTree = "<group>"; };
		C808478C1C7E6D2500CD3556 /* Base */ = {isa = PBXFileReference; lastKnownFileType = file.storyboard; name = Base; path = Base.lproj/Main.storyboard; sourceTree = "<group>"; };
		C808478F1C7E6D2500CD3556 /* displayTest.xcdatamodel */ = {isa = PBXFileReference; lastKnownFileType = wrapper.xcdatamodel; path = displayTest.xcdatamodel; sourceTree = "<group>"; };
		C80847911C7E6D2500CD3556 /* Assets.xcassets */ = {isa = PBXFileReference; lastKnownFileType = folder.assetcatalog; path = Assets.xcassets; sourceTree = "<group>"; };
		C80847941C7E6D2500CD3556 /* Base */ = {isa = PBXFileReference; lastKnownFileType = file.storyboard; name = Base; path = Base.lproj/LaunchScreen.storyboard; sourceTree = "<group>"; };
		C80847961C7E6D2500CD3556 /* Info.plist */ = {isa = PBXFileReference; lastKnownFileType = text.plist.xml; path = Info.plist; sourceTree = "<group>"; };
/* End PBXFileReference section */

/* Begin PBXFrameworksBuildPhase section */
		C80847811C7E6D2500CD3556 /* Frameworks */ = {
			isa = PBXFrameworksBuildPhase;
			buildActionMask = 2147483647;
			files = (
			);
			runOnlyForDeploymentPostprocessing = 0;
		};
/* End PBXFrameworksBuildPhase section */

/* Begin PBXGroup section */
		C808477B1C7E6D2500CD3556 = {
			isa = PBXGroup;
			children = (
				C80847861C7E6D2500CD3556 /* displayTest */,
				C80847851C7E6D2500CD3556 /* Products */,
			);
			sourceTree = "<group>";
		};
		C80847851C7E6D2500CD3556 /* Products */ = {
			isa = PBXGroup;
			children = (
				C80847841C7E6D2500CD3556 /* displayTest.app */,
			);
			name = Products;
			sourceTree = "<group>";
		};
		C80847861C7E6D2500CD3556 /* displayTest */ = {
			isa = PBXGroup;
			children = (
				C80847871C7E6D2500CD3556 /* AppDelegate.swift */,
				C80847891C7E6D2500CD3556 /* ViewController.swift */,
				C808478B1C7E6D2500CD3556 /* Main.storyboard */,
				C80847911C7E6D2500CD3556 /* Assets.xcassets */,
				C80847931C7E6D2500CD3556 /* LaunchScreen.storyboard */,
				C80847961C7E6D2500CD3556 /* Info.plist */,
				C808478E1C7E6D2500CD3556 /* displayTest.xcdatamodeld */,
			);
			path = displayTest;
			sourceTree = "<group>";
		};
/* End PBXGroup section */

/* Begin PBXNativeTarget section */
		C80847831C7E6D2500CD3556 /* displayTest */ = {
			isa = PBXNativeTarget;
			buildConfigurationList = C80847991C7E6D2500CD3556 /* Build configuration list for PBXNativeTarget "displayTest" */;
			buildPhases = (
				C80847801C7E6D2500CD3556 /* Sources */,
				C80847811C7E6D2500CD3556 /* Frameworks */,
				C80847821C7E6D2500CD3556 /* Resources */,
			);
			buildRules = (
			);
			dependencies = (
			);
			name = displayTest;
			productName = displayTest;
			productReference = C80847841C7E6D2500CD3556 /* displayTest.app */;
			productType = "com.apple.product-type.application";
		};
/* End PBXNativeTarget section */

/* Begin PBXProject section */
		C808477C1C7E6D2500CD3556 /* Project object */ = {
			isa = PBXProject;
			attributes = {
				LastSwiftUpdateCheck = 0720;
				LastUpgradeCheck = 0720;
				ORGANIZATIONNAME = "Spiro Nune";
				TargetAttributes = {
					C80847831C7E6D2500CD3556 = {
						CreatedOnToolsVersion = 7.2.1;
						DevelopmentTeam = PY9JQ8VMH4;
					};
				};
			};
			buildConfigurationList = C808477F1C7E6D2500CD3556 /* Build configuration list for PBXProject "displayTest" */;
			compatibilityVersion = "Xcode 3.2";
			developmentRegion = English;
			hasScannedForEncodings = 0;
			knownRegions = (
				en,
				Base,
			);
			mainGroup = C808477B1C7E6D2500CD3556;
			productRefGroup = C80847851C7E6D2500CD3556 /* Products */;
			projectDirPath = "";
			projectRoot = "";
			targets = (
				C80847831C7E6D2500CD3556 /* displayTest */,
			);
		};
/* End PBXProject section */

/* Begin PBXResourcesBuildPhase section */
		C80847821C7E6D2500CD3556 /* Resources */ = {
			isa = PBXResourcesBuildPhase;
			buildActionMask = 2147483647;
			files = (
				C80847951C7E6D2500CD3556 /* LaunchScreen.storyboard in Resources */,
				C80847921C7E6D2500CD3556 /* Assets.xcassets in Resources */,
				C808478D1C7E6D2500CD3556 /* Main.storyboard in Resources */,
			);
			runOnlyForDeploymentPostprocessing = 0;
		};
/* End PBXResourcesBuildPhase section */

/* Begin PBXSourcesBuildPhase section */
		C80847801C7E6D2500CD3556 /* Sources */ = {
			isa = PBXSourcesBuildPhase;
			buildActionMask = 2147483647;
			files = (
				C80847901C7E6D2500CD3556 /* displayTest.xcdatamodeld in Sources */,
				C808478A1C7E6D2500CD3556 /* ViewController.swift in Sources */,
				C80847881C7E6D2500CD3556 /* AppDelegate.swift in Sources */,
			);
			runOnlyForDeploymentPostprocessing = 0;
		};
/* End PBXSourcesBuildPhase section */

/* Begin PBXVariantGroup section */
		C808478B1C7E6D2500CD3556 /* Main.storyboard */ = {
			isa = PBXVariantGroup;
			children = (
				C808478C1C7E6D2500CD3556 /* Base */,
			);
			name = Main.storyboard;
			sourceTree = "<group>";
		};
		C80847931C7E6D2500CD3556 /* LaunchScreen.storyboard */ = {
			isa = PBXVariantGroup;
			children = (
				C80847941C7E6D2500CD3556 /* Base */,
			);
			name = LaunchScreen.storyboard;
			sourceTree = "<group>";
		};
/* End PBXVariantGroup section */

/* Begin XCBuildConfiguration section */
		C80847971C7E6D2500CD3556 /* Debug */ = {
			isa = XCBuildConfiguration;
			buildSettings = {
				ALWAYS_SEARCH_USER_PATHS = NO;
				CLANG_CXX_LANGUAGE_STANDARD = "gnu++0x";
				CLANG_CXX_LIBRARY = "libc++";
				CLANG_ENABLE_MODULES = YES;
				CLANG_ENABLE_OBJC_ARC = YES;
				CLANG_WARN_BOOL_CONVERSION = YES;
				CLANG_WARN_CONSTANT_CONVERSION = YES;
				CLANG_WARN_DIRECT_OBJC_ISA_USAGE = YES_ERROR;
				CLANG_WARN_EMPTY_BODY = YES;
				CLANG_WARN_ENUM_CONVERSION = YES;
				CLANG_WARN_INT_CONVERSION = YES;
				CLANG_WARN_OBJC_ROOT_CLASS = YES_ERROR;
				CLANG_WARN_UNREACHABLE_CODE = YES;
				CLANG_WARN__DUPLICATE_METHOD_MATCH = YES;
				"CODE_SIGN_IDENTITY[sdk=iphoneos*]" = "iPhone Developer";
				COPY_PHASE_STRIP = NO;
				DEBUG_INFORMATION_FORMAT = dwarf;
				ENABLE_STRICT_OBJC_MSGSEND = YES;
				ENABLE_TESTABILITY = YES;
				GCC_C_LANGUAGE_STANDARD = gnu99;
				GCC_DYNAMIC_NO_PIC = NO;
				GCC_NO_COMMON_BLOCKS = YES;
				GCC_OPTIMIZATION_LEVEL = 0;
				GCC_PREPROCESSOR_DEFINITIONS = (
					"DEBUG=1",
					"$(inherited)",
				);
				GCC_WARN_64_TO_32_BIT_CONVERSION = YES;
				GCC_WARN_ABOUT_RETURN_TYPE = YES_ERROR;
				GCC_WARN_UNDECLARED_SELECTOR = YES;
				GCC_WARN_UNINITIALIZED_AUTOS = YES_AGGRESSIVE;
				GCC_WARN_UNUSED_FUNCTION = YES;
				GCC_WARN_UNUSED_VARIABLE = YES;
				IPHONEOS_DEPLOYMENT_TARGET = 9.2;
				MTL_ENABLE_DEBUG_INFO = YES;
				ONLY_ACTIVE_ARCH = YES;
				SDKROOT = iphoneos;
				SWIFT_OPTIMIZATION_LEVEL = "-Onone";
				TARGETED_DEVICE_FAMILY = "1,2";
			};
			name = Debug;
		};
		C80847981C7E6D2500CD3556 /* Release */ = {
			isa = XCBuildConfiguration;
			buildSettings = {
				ALWAYS_SEARCH_USER_PATHS = NO;
				CLANG_CXX_LANGUAGE_STANDARD = "gnu++0x";
				CLANG_CXX_LIBRARY = "libc++";
				CLANG_ENABLE_MODULES = YES;
				CLANG_ENABLE_OBJC_ARC = YES;
				CLANG_WARN_BOOL_CONVERSION = YES;
				CLANG_WARN_CONSTANT_CONVERSION = YES;
				CLANG_WARN_DIRECT_OBJC_ISA_USAGE = YES_ERROR;
				CLANG_WARN_EMPTY_BODY = YES;
				CLANG_WARN_ENUM_CONVERSION = YES;
				CLANG_WARN_INT_CONVERSION = YES;
				CLANG_WARN_OBJC_ROOT_CLASS = YES_ERROR;
				CLANG_WARN_UNREACHABLE_CODE = YES;
				CLANG_WARN__DUPLICATE_METHOD_MATCH = YES;
				"CODE_SIGN_IDENTITY[sdk=iphoneos*]" = "iPhone Developer";
				COPY_PHASE_STRIP = NO;
				DEBUG_INFORMATION_FORMAT = "dwarf-with-dsym";
				ENABLE_NS_ASSERTIONS = NO;
				ENABLE_STRICT_OBJC_MSGSEND = YES;
				GCC_C_LANGUAGE_STANDARD = gnu99;
				GCC_NO_COMMON_BLOCKS = YES;
				GCC_WARN_64_TO_32_BIT_CONVERSION = YES;
				GCC_WARN_ABOUT_RETURN_TYPE = YES_ERROR;
				GCC_WARN_UNDECLARED_SELECTOR = YES;
				GCC_WARN_UNINITIALIZED_AUTOS = YES_AGGRESSIVE;
				GCC_WARN_UNUSED_FUNCTION = YES;
				GCC_WARN_UNUSED_VARIABLE = YES;
				IPHONEOS_DEPLOYMENT_TARGET = 9.2;
				MTL_ENABLE_DEBUG_INFO = NO;
				SDKROOT = iphoneos;
				TARGETED_DEVICE_FAMILY = "1,2";
				VALIDATE_PRODUCT = YES;
			};
			name = Release;
		};
		C808479A1C7E6D2500CD3556 /* Debug */ = {
			isa = XCBuildConfiguration;
			buildSettings = {
				ASSETCATALOG_COMPILER_APPICON_NAME = AppIcon;
				INFOPLIST_FILE = displayTest/Info.plist;
				LD_RUNPATH_SEARCH_PATHS = "$(inherited) @executable_path/Frameworks";
				PRODUCT_BUNDLE_IDENTIFIER = text.displayTest;
				PRODUCT_NAME = "$(TARGET_NAME)";
			};
			name = Debug;
		};
		C808479B1C7E6D2500CD3556 /* Release */ = {
			isa = XCBuildConfiguration;
			buildSettings = {
				ASSETCATALOG_COMPILER_APPICON_NAME = AppIcon;
				INFOPLIST_FILE = displayTest/Info.plist;
				LD_RUNPATH_SEARCH_PATHS = "$(inherited) @executable_path/Frameworks";
				PRODUCT_BUNDLE_IDENTIFIER = text.displayTest;
				PRODUCT_NAME = "$(TARGET_NAME)";
			};
			name = Release;
		};
/* End XCBuildConfiguration section */

/* Begin XCConfigurationList section */
		C808477F1C7E6D2500CD3556 /* Build configuration list for PBXProject "displayTest" */ = {
			isa = XCConfigurationList;
			buildConfigurations = (
				C80847971C7E6D2500CD3556 /* Debug */,
				C80847981C7E6D2500CD3556 /* Release */,
			);
			defaultConfigurationIsVisible = 0;
			defaultConfigurationName = Release;
		};
		C80847991C7E6D2500CD3556 /* Build configuration list for PBXNativeTarget "displayTest" */ = {
			isa = XCConfigurationList;
			buildConfigurations = (
				C808479A1C7E6D2500CD3556 /* Debug */,
				C808479B1C7E6D2500CD3556 /* Release */,
			);
			defaultConfigurationIsVisible = 0;
		};
/* End XCConfigurationList section */

/* Begin XCVersionGroup section */
		C808478E1C7E6D2500CD3556 /* displayTest.xcdatamodeld */ = {
			isa = XCVersionGroup;
			children = (
				C808478F1C7E6D2500CD3556 /* displayTest.xcdatamodel */,
			);
			currentVersion = C808478F1C7E6D2500CD3556 /* displayTest.xcdatamodel */;
			path = displayTest.xcdatamodeld;
			sourceTree = "<group>";
			versionGroupType = wrapper.xcdatamodel;
		};
/* End XCVersionGroup section */
	};
	rootObject = C808477C1C7E6D2500CD3556 /* Project object */;
}
